// !$*UTF8*$!
{
	archiveVersion = 1;
	classes = {
	};
	objectVersion = 55;
	objects = {

/* Begin PBXBuildFile section */
		2E1BDD65288A538B006F055E /* TransactionListViewModel.swift in Sources */ = {isa = PBXBuildFile; fileRef = 2E1BDD64288A538B006F055E /* TransactionListViewModel.swift */; };
		2E1BDD67288A5887006F055E /* RecentTransactionList.swift in Sources */ = {isa = PBXBuildFile; fileRef = 2E1BDD66288A5887006F055E /* RecentTransactionList.swift */; };
		2E8596F3288A973400412E85 /* TransactionList.swift in Sources */ = {isa = PBXBuildFile; fileRef = 2E8596F2288A973400412E85 /* TransactionList.swift */; };
		2E8596F6288A9DD100412E85 /* Collections in Frameworks */ = {isa = PBXBuildFile; productRef = 2E8596F5288A9DD100412E85 /* Collections */; };
		2E8596FD288ABB7500412E85 /* SwiftUICharts in Frameworks */ = {isa = PBXBuildFile; productRef = 2E8596FC288ABB7500412E85 /* SwiftUICharts */; };
		2E8596FF288ABB7D00412E85 /* SwiftUIFontIcon in Frameworks */ = {isa = PBXBuildFile; productRef = 2E8596FE288ABB7D00412E85 /* SwiftUIFontIcon */; };
		2ED26457288A4074001F7417 /* ExpenseTrackerApp.swift in Sources */ = {isa = PBXBuildFile; fileRef = 2ED26456288A4074001F7417 /* ExpenseTrackerApp.swift */; };
		2ED26459288A4074001F7417 /* ContentView.swift in Sources */ = {isa = PBXBuildFile; fileRef = 2ED26458288A4074001F7417 /* ContentView.swift */; };
		2ED2645B288A4076001F7417 /* Assets.xcassets in Resources */ = {isa = PBXBuildFile; fileRef = 2ED2645A288A4076001F7417 /* Assets.xcassets */; };
		2ED2645E288A4076001F7417 /* Preview Assets.xcassets in Resources */ = {isa = PBXBuildFile; fileRef = 2ED2645D288A4076001F7417 /* Preview Assets.xcassets */; };
		2ED26465288A4438001F7417 /* Extnsions.swift in Sources */ = {isa = PBXBuildFile; fileRef = 2ED26464288A4438001F7417 /* Extnsions.swift */; };
		2ED26467288A4706001F7417 /* TransactionModel.swift in Sources */ = {isa = PBXBuildFile; fileRef = 2ED26466288A4706001F7417 /* TransactionModel.swift */; };
		2ED26469288A485B001F7417 /* PreviewData.swift in Sources */ = {isa = PBXBuildFile; fileRef = 2ED26468288A485B001F7417 /* PreviewData.swift */; };
		2ED2646B288A4961001F7417 /* TransactinRow.swift in Sources */ = {isa = PBXBuildFile; fileRef = 2ED2646A288A4961001F7417 /* TransactinRow.swift */; };
/* End PBXBuildFile section */

/* Begin PBXFileReference section */
		2E1BDD5F288A5236006F055E /* SwiftUIFontIcon */ = {isa = PBXFileReference; lastKnownFileType = wrapper; name = SwiftUIFontIcon; path = ../Depend/SwiftUIFontIcon; sourceTree = "<group>"; };
		2E1BDD64288A538B006F055E /* TransactionListViewModel.swift */ = {isa = PBXFileReference; lastKnownFileType = sourcecode.swift; path = TransactionListViewModel.swift; sourceTree = "<group>"; };
		2E1BDD66288A5887006F055E /* RecentTransactionList.swift */ = {isa = PBXFileReference; lastKnownFileType = sourcecode.swift; path = RecentTransactionList.swift; sourceTree = "<group>"; };
		2E8596F2288A973400412E85 /* TransactionList.swift */ = {isa = PBXFileReference; lastKnownFileType = sourcecode.swift; path = TransactionList.swift; sourceTree = "<group>"; };
		2E8596FB288ABB5A00412E85 /* ChartView */ = {isa = PBXFileReference; lastKnownFileType = wrapper; name = ChartView; path = ../Depend/ChartView; sourceTree = "<group>"; };
		2ED26453288A4074001F7417 /* ExpenseTracker.app */ = {isa = PBXFileReference; explicitFileType = wrapper.application; includeInIndex = 0; path = ExpenseTracker.app; sourceTree = BUILT_PRODUCTS_DIR; };
		2ED26456288A4074001F7417 /* ExpenseTrackerApp.swift */ = {isa = PBXFileReference; lastKnownFileType = sourcecode.swift; path = ExpenseTrackerApp.swift; sourceTree = "<group>"; };
		2ED26458288A4074001F7417 /* ContentView.swift */ = {isa = PBXFileReference; lastKnownFileType = sourcecode.swift; path = ContentView.swift; sourceTree = "<group>"; };
		2ED2645A288A4076001F7417 /* Assets.xcassets */ = {isa = PBXFileReference; lastKnownFileType = folder.assetcatalog; path = Assets.xcassets; sourceTree = "<group>"; };
		2ED2645D288A4076001F7417 /* Preview Assets.xcassets */ = {isa = PBXFileReference; lastKnownFileType = folder.assetcatalog; path = "Preview Assets.xcassets"; sourceTree = "<group>"; };
		2ED26464288A4438001F7417 /* Extnsions.swift */ = {isa = PBXFileReference; lastKnownFileType = sourcecode.swift; path = Extnsions.swift; sourceTree = "<group>"; };
		2ED26466288A4706001F7417 /* TransactionModel.swift */ = {isa = PBXFileReference; lastKnownFileType = sourcecode.swift; path = TransactionModel.swift; sourceTree = "<group>"; };
		2ED26468288A485B001F7417 /* PreviewData.swift */ = {isa = PBXFileReference; lastKnownFileType = sourcecode.swift; path = PreviewData.swift; sourceTree = "<group>"; };
		2ED2646A288A4961001F7417 /* TransactinRow.swift */ = {isa = PBXFileReference; lastKnownFileType = sourcecode.swift; path = TransactinRow.swift; sourceTree = "<group>"; };
/* End PBXFileReference section */

/* Begin PBXFrameworksBuildPhase section */
		2ED26450288A4074001F7417 /* Frameworks */ = {
			isa = PBXFrameworksBuildPhase;
			buildActionMask = 2147483647;
			files = (
				2E8596FF288ABB7D00412E85 /* SwiftUIFontIcon in Frameworks */,
				2E8596F6288A9DD100412E85 /* Collections in Frameworks */,
				2E8596FD288ABB7500412E85 /* SwiftUICharts in Frameworks */,
			);
			runOnlyForDeploymentPostprocessing = 0;
		};
/* End PBXFrameworksBuildPhase section */

/* Begin PBXGroup section */
		2E1BDD5E288A5236006F055E /* Packages */ = {
			isa = PBXGroup;
			children = (
				2E1BDD5F288A5236006F055E /* SwiftUIFontIcon */,
				2E8596FB288ABB5A00412E85 /* ChartView */,
			);
			name = Packages;
			sourceTree = "<group>";
		};
		2E1BDD61288A52F6006F055E /* Frameworks */ = {
			isa = PBXGroup;
			children = (
			);
			name = Frameworks;
			sourceTree = "<group>";
		};
		2ED2644A288A4074001F7417 = {
			isa = PBXGroup;
			children = (
				2E1BDD5E288A5236006F055E /* Packages */,
				2ED26455288A4074001F7417 /* ExpenseTracker */,
				2ED26454288A4074001F7417 /* Products */,
				2E1BDD61288A52F6006F055E /* Frameworks */,
			);
			sourceTree = "<group>";
		};
		2ED26454288A4074001F7417 /* Products */ = {
			isa = PBXGroup;
			children = (
				2ED26453288A4074001F7417 /* ExpenseTracker.app */,
			);
			name = Products;
			sourceTree = "<group>";
		};
		2ED26455288A4074001F7417 /* ExpenseTracker */ = {
			isa = PBXGroup;
			children = (
				2ED26456288A4074001F7417 /* ExpenseTrackerApp.swift */,
				2ED26458288A4074001F7417 /* ContentView.swift */,
				2ED26466288A4706001F7417 /* TransactionModel.swift */,
				2E1BDD64288A538B006F055E /* TransactionListViewModel.swift */,
				2E1BDD66288A5887006F055E /* RecentTransactionList.swift */,
				2E8596F2288A973400412E85 /* TransactionList.swift */,
				2ED2646A288A4961001F7417 /* TransactinRow.swift */,
				2ED26464288A4438001F7417 /* Extnsions.swift */,
				2ED2645A288A4076001F7417 /* Assets.xcassets */,
				2ED2645C288A4076001F7417 /* Preview Content */,
			);
			path = ExpenseTracker;
			sourceTree = "<group>";
		};
		2ED2645C288A4076001F7417 /* Preview Content */ = {
			isa = PBXGroup;
			children = (
				2ED2645D288A4076001F7417 /* Preview Assets.xcassets */,
				2ED26468288A485B001F7417 /* PreviewData.swift */,
			);
			path = "Preview Content";
			sourceTree = "<group>";
		};
/* End PBXGroup section */

/* Begin PBXNativeTarget section */
		2ED26452288A4074001F7417 /* ExpenseTracker */ = {
			isa = PBXNativeTarget;
			buildConfigurationList = 2ED26461288A4076001F7417 /* Build configuration list for PBXNativeTarget "ExpenseTracker" */;
			buildPhases = (
				2ED2644F288A4074001F7417 /* Sources */,
				2ED26450288A4074001F7417 /* Frameworks */,
				2ED26451288A4074001F7417 /* Resources */,
			);
			buildRules = (
			);
			dependencies = (
			);
			name = ExpenseTracker;
			packageProductDependencies = (
				2E8596F5288A9DD100412E85 /* Collections */,
				2E8596FC288ABB7500412E85 /* SwiftUICharts */,
				2E8596FE288ABB7D00412E85 /* SwiftUIFontIcon */,
			);
			productName = ExpenseTracker;
			productReference = 2ED26453288A4074001F7417 /* ExpenseTracker.app */;
			productType = "com.apple.product-type.application";
		};
/* End PBXNativeTarget section */

/* Begin PBXProject section */
		2ED2644B288A4074001F7417 /* Project object */ = {
			isa = PBXProject;
			attributes = {
				BuildIndependentTargetsInParallel = 1;
				LastSwiftUpdateCheck = 1340;
				LastUpgradeCheck = 1340;
				TargetAttributes = {
					2ED26452288A4074001F7417 = {
						CreatedOnToolsVersion = 13.4.1;
					};
				};
			};
			buildConfigurationList = 2ED2644E288A4074001F7417 /* Build configuration list for PBXProject "ExpenseTracker" */;
			compatibilityVersion = "Xcode 13.0";
			developmentRegion = en;
			hasScannedForEncodings = 0;
			knownRegions = (
				en,
				Base,
			);
			mainGroup = 2ED2644A288A4074001F7417;
			packageReferences = (
				2E8596F4288A9DD100412E85 /* XCRemoteSwiftPackageReference "swift-collections" */,
			);
			productRefGroup = 2ED26454288A4074001F7417 /* Products */;
			projectDirPath = "";
			projectRoot = "";
			targets = (
				2ED26452288A4074001F7417 /* ExpenseTracker */,
			);
		};
/* End PBXProject section */

/* Begin PBXResourcesBuildPhase section */
		2ED26451288A4074001F7417 /* Resources */ = {
			isa = PBXResourcesBuildPhase;
			buildActionMask = 2147483647;
			files = (
				2ED2645E288A4076001F7417 /* Preview Assets.xcassets in Resources */,
				2ED2645B288A4076001F7417 /* Assets.xcassets in Resources */,
			);
			runOnlyForDeploymentPostprocessing = 0;
		};
/* End PBXResourcesBuildPhase section */

/* Begin PBXSourcesBuildPhase section */
		2ED2644F288A4074001F7417 /* Sources */ = {
			isa = PBXSourcesBuildPhase;
			buildActionMask = 2147483647;
			files = (
				2ED26469288A485B001F7417 /* PreviewData.swift in Sources */,
				2E8596F3288A973400412E85 /* TransactionList.swift in Sources */,
				2E1BDD67288A5887006F055E /* RecentTransactionList.swift in Sources */,
				2ED2646B288A4961001F7417 /* TransactinRow.swift in Sources */,
				2ED26467288A4706001F7417 /* TransactionModel.swift in Sources */,
				2ED26459288A4074001F7417 /* ContentView.swift in Sources */,
				2ED26465288A4438001F7417 /* Extnsions.swift in Sources */,
				2E1BDD65288A538B006F055E /* TransactionListViewModel.swift in Sources */,
				2ED26457288A4074001F7417 /* ExpenseTrackerApp.swift in Sources */,
			);
			runOnlyForDeploymentPostprocessing = 0;
		};
/* End PBXSourcesBuildPhase section */

/* Begin XCBuildConfiguration section */
		2ED2645F288A4076001F7417 /* Debug */ = {
			isa = XCBuildConfiguration;
			buildSettings = {
				ALWAYS_SEARCH_USER_PATHS = NO;
				CLANG_ANALYZER_NONNULL = YES;
				CLANG_ANALYZER_NUMBER_OBJECT_CONVERSION = YES_AGGRESSIVE;
				CLANG_CXX_LANGUAGE_STANDARD = "gnu++17";
				CLANG_ENABLE_MODULES = YES;
				CLANG_ENABLE_OBJC_ARC = YES;
				CLANG_ENABLE_OBJC_WEAK = YES;
				CLANG_WARN_BLOCK_CAPTURE_AUTORELEASING = YES;
				CLANG_WARN_BOOL_CONVERSION = YES;
				CLANG_WARN_COMMA = YES;
				CLANG_WARN_CONSTANT_CONVERSION = YES;
				CLANG_WARN_DEPRECATED_OBJC_IMPLEMENTATIONS = YES;
				CLANG_WARN_DIRECT_OBJC_ISA_USAGE = YES_ERROR;
				CLANG_WARN_DOCUMENTATION_COMMENTS = YES;
				CLANG_WARN_EMPTY_BODY = YES;
				CLANG_WARN_ENUM_CONVERSION = YES;
				CLANG_WARN_INFINITE_RECURSION = YES;
				CLANG_WARN_INT_CONVERSION = YES;
				CLANG_WARN_NON_LITERAL_NULL_CONVERSION = YES;
				CLANG_WARN_OBJC_IMPLICIT_RETAIN_SELF = YES;
				CLANG_WARN_OBJC_LITERAL_CONVERSION = YES;
				CLANG_WARN_OBJC_ROOT_CLASS = YES_ERROR;
				CLANG_WARN_QUOTED_INCLUDE_IN_FRAMEWORK_HEADER = YES;
				CLANG_WARN_RANGE_LOOP_ANALYSIS = YES;
				CLANG_WARN_STRICT_PROTOTYPES = YES;
				CLANG_WARN_SUSPICIOUS_MOVE = YES;
				CLANG_WARN_UNGUARDED_AVAILABILITY = YES_AGGRESSIVE;
				CLANG_WARN_UNREACHABLE_CODE = YES;
				CLANG_WARN__DUPLICATE_METHOD_MATCH = YES;
				COPY_PHASE_STRIP = NO;
				DEBUG_INFORMATION_FORMAT = dwarf;
				ENABLE_STRICT_OBJC_MSGSEND = YES;
				ENABLE_TESTABILITY = YES;
				GCC_C_LANGUAGE_STANDARD = gnu11;
				GCC_DYNAMIC_NO_PIC = NO;
				GCC_NO_COMMON_BLOCKS = YES;
				GCC_OPTIMIZATION_LEVEL = 0;
				GCC_PREPROCESSOR_DEFINITIONS = (
					"DEBUG=1",
					"$(inherited)",
				);
				GCC_WARN_64_TO_32_BIT_CONVERSION = YES;
				GCC_WARN_ABOUT_RETURN_TYPE = YES_ERROR;
				GCC_WARN_UNDECLARED_SELECTOR = YES;
				GCC_WARN_UNINITIALIZED_AUTOS = YES_AGGRESSIVE;
				GCC_WARN_UNUSED_FUNCTION = YES;
				GCC_WARN_UNUSED_VARIABLE = YES;
				IPHONEOS_DEPLOYMENT_TARGET = 15.5;
				MTL_ENABLE_DEBUG_INFO = INCLUDE_SOURCE;
				MTL_FAST_MATH = YES;
				ONLY_ACTIVE_ARCH = YES;
				SDKROOT = iphoneos;
				SWIFT_ACTIVE_COMPILATION_CONDITIONS = DEBUG;
				SWIFT_OPTIMIZATION_LEVEL = "-Onone";
			};
			name = Debug;
		};
		2ED26460288A4076001F7417 /* Release */ = {
			isa = XCBuildConfiguration;
			buildSettings = {
				ALWAYS_SEARCH_USER_PATHS = NO;
				CLANG_ANALYZER_NONNULL = YES;
				CLANG_ANALYZER_NUMBER_OBJECT_CONVERSION = YES_AGGRESSIVE;
				CLANG_CXX_LANGUAGE_STANDARD = "gnu++17";
				CLANG_ENABLE_MODULES = YES;
				CLANG_ENABLE_OBJC_ARC = YES;
				CLANG_ENABLE_OBJC_WEAK = YES;
				CLANG_WARN_BLOCK_CAPTURE_AUTORELEASING = YES;
				CLANG_WARN_BOOL_CONVERSION = YES;
				CLANG_WARN_COMMA = YES;
				CLANG_WARN_CONSTANT_CONVERSION = YES;
				CLANG_WARN_DEPRECATED_OBJC_IMPLEMENTATIONS = YES;
				CLANG_WARN_DIRECT_OBJC_ISA_USAGE = YES_ERROR;
				CLANG_WARN_DOCUMENTATION_COMMENTS = YES;
				CLANG_WARN_EMPTY_BODY = YES;
				CLANG_WARN_ENUM_CONVERSION = YES;
				CLANG_WARN_INFINITE_RECURSION = YES;
				CLANG_WARN_INT_CONVERSION = YES;
				CLANG_WARN_NON_LITERAL_NULL_CONVERSION = YES;
				CLANG_WARN_OBJC_IMPLICIT_RETAIN_SELF = YES;
				CLANG_WARN_OBJC_LITERAL_CONVERSION = YES;
				CLANG_WARN_OBJC_ROOT_CLASS = YES_ERROR;
				CLANG_WARN_QUOTED_INCLUDE_IN_FRAMEWORK_HEADER = YES;
				CLANG_WARN_RANGE_LOOP_ANALYSIS = YES;
				CLANG_WARN_STRICT_PROTOTYPES = YES;
				CLANG_WARN_SUSPICIOUS_MOVE = YES;
				CLANG_WARN_UNGUARDED_AVAILABILITY = YES_AGGRESSIVE;
				CLANG_WARN_UNREACHABLE_CODE = YES;
				CLANG_WARN__DUPLICATE_METHOD_MATCH = YES;
				COPY_PHASE_STRIP = NO;
				DEBUG_INFORMATION_FORMAT = "dwarf-with-dsym";
				ENABLE_NS_ASSERTIONS = NO;
				ENABLE_STRICT_OBJC_MSGSEND = YES;
				GCC_C_LANGUAGE_STANDARD = gnu11;
				GCC_NO_COMMON_BLOCKS = YES;
				GCC_WARN_64_TO_32_BIT_CONVERSION = YES;
				GCC_WARN_ABOUT_RETURN_TYPE = YES_ERROR;
				GCC_WARN_UNDECLARED_SELECTOR = YES;
				GCC_WARN_UNINITIALIZED_AUTOS = YES_AGGRESSIVE;
				GCC_WARN_UNUSED_FUNCTION = YES;
				GCC_WARN_UNUSED_VARIABLE = YES;
				IPHONEOS_DEPLOYMENT_TARGET = 15.5;
				MTL_ENABLE_DEBUG_INFO = NO;
				MTL_FAST_MATH = YES;
				SDKROOT = iphoneos;
				SWIFT_COMPILATION_MODE = wholemodule;
				SWIFT_OPTIMIZATION_LEVEL = "-O";
				VALIDATE_PRODUCT = YES;
			};
			name = Release;
		};
		2ED26462288A4076001F7417 /* Debug */ = {
			isa = XCBuildConfiguration;
			buildSettings = {
				ASSETCATALOG_COMPILER_APPICON_NAME = AppIcon;
				ASSETCATALOG_COMPILER_GLOBAL_ACCENT_COLOR_NAME = AccentColor;
				CODE_SIGN_STYLE = Automatic;
				CURRENT_PROJECT_VERSION = 1;
				DEVELOPMENT_ASSET_PATHS = "\"ExpenseTracker/Preview Content\"";
				DEVELOPMENT_TEAM = SRW54YFJJ3;
				ENABLE_PREVIEWS = YES;
				GENERATE_INFOPLIST_FILE = YES;
				INFOPLIST_KEY_UIApplicationSceneManifest_Generation = YES;
				INFOPLIST_KEY_UIApplicationSupportsIndirectInputEvents = YES;
				INFOPLIST_KEY_UILaunchScreen_Generation = YES;
				INFOPLIST_KEY_UISupportedInterfaceOrientations_iPad = "UIInterfaceOrientationPortrait UIInterfaceOrientationPortraitUpsideDown UIInterfaceOrientationLandscapeLeft UIInterfaceOrientationLandscapeRight";
				INFOPLIST_KEY_UISupportedInterfaceOrientations_iPhone = "UIInterfaceOrientationPortrait UIInterfaceOrientationLandscapeLeft UIInterfaceOrientationLandscapeRight";
				LD_RUNPATH_SEARCH_PATHS = (
					"$(inherited)",
					"@executable_path/Frameworks",
				);
				MARKETING_VERSION = 1.0;
				PRODUCT_BUNDLE_IDENTIFIER = github.onelcat.io.ExpenseTracker;
				PRODUCT_NAME = "$(TARGET_NAME)";
				SWIFT_EMIT_LOC_STRINGS = YES;
				SWIFT_VERSION = 5.0;
				TARGETED_DEVICE_FAMILY = "1,2";
			};
			name = Debug;
		};
		2ED26463288A4076001F7417 /* Release */ = {
			isa = XCBuildConfiguration;
			buildSettings = {
				ASSETCATALOG_COMPILER_APPICON_NAME = AppIcon;
				ASSETCATALOG_COMPILER_GLOBAL_ACCENT_COLOR_NAME = AccentColor;
				CODE_SIGN_STYLE = Automatic;
				CURRENT_PROJECT_VERSION = 1;
				DEVELOPMENT_ASSET_PATHS = "\"ExpenseTracker/Preview Content\"";
				DEVELOPMENT_TEAM = SRW54YFJJ3;
				ENABLE_PREVIEWS = YES;
				GENERATE_INFOPLIST_FILE = YES;
				INFOPLIST_KEY_UIApplicationSceneManifest_Generation = YES;
				INFOPLIST_KEY_UIApplicationSupportsIndirectInputEvents = YES;
				INFOPLIST_KEY_UILaunchScreen_Generation = YES;
				INFOPLIST_KEY_UISupportedInterfaceOrientations_iPad = "UIInterfaceOrientationPortrait UIInterfaceOrientationPortraitUpsideDown UIInterfaceOrientationLandscapeLeft UIInterfaceOrientationLandscapeRight";
				INFOPLIST_KEY_UISupportedInterfaceOrientations_iPhone = "UIInterfaceOrientationPortrait UIInterfaceOrientationLandscapeLeft UIInterfaceOrientationLandscapeRight";
				LD_RUNPATH_SEARCH_PATHS = (
					"$(inherited)",
					"@executable_path/Frameworks",
				);
				MARKETING_VERSION = 1.0;
				PRODUCT_BUNDLE_IDENTIFIER = github.onelcat.io.ExpenseTracker;
				PRODUCT_NAME = "$(TARGET_NAME)";
				SWIFT_EMIT_LOC_STRINGS = YES;
				SWIFT_VERSION = 5.0;
				TARGETED_DEVICE_FAMILY = "1,2";
			};
			name = Release;
		};
/* End XCBuildConfiguration section */

/* Begin XCConfigurationList section */
		2ED2644E288A4074001F7417 /* Build configuration list for PBXProject "ExpenseTracker" */ = {
			isa = XCConfigurationList;
			buildConfigurations = (
				2ED2645F288A4076001F7417 /* Debug */,
				2ED26460288A4076001F7417 /* Release */,
			);
			defaultConfigurationIsVisible = 0;
			defaultConfigurationName = Release;
		};
		2ED26461288A4076001F7417 /* Build configuration list for PBXNativeTarget "ExpenseTracker" */ = {
			isa = XCConfigurationList;
			buildConfigurations = (
				2ED26462288A4076001F7417 /* Debug */,
				2ED26463288A4076001F7417 /* Release */,
			);
			defaultConfigurationIsVisible = 0;
			defaultConfigurationName = Release;
		};
/* End XCConfigurationList section */

/* Begin XCRemoteSwiftPackageReference section */
		2E8596F4288A9DD100412E85 /* XCRemoteSwiftPackageReference "swift-collections" */ = {
			isa = XCRemoteSwiftPackageReference;
			repositoryURL = "https://github.com/apple/swift-collections.git";
			requirement = {
				kind = upToNextMajorVersion;
				minimumVersion = 1.0.2;
			};
		};
/* End XCRemoteSwiftPackageReference section */

/* Begin XCSwiftPackageProductDependency section */
		2E8596F5288A9DD100412E85 /* Collections */ = {
			isa = XCSwiftPackageProductDependency;
			package = 2E8596F4288A9DD100412E85 /* XCRemoteSwiftPackageReference "swift-collections" */;
			productName = Collections;
		};
		2E8596FC288ABB7500412E85 /* SwiftUICharts */ = {
			isa = XCSwiftPackageProductDependency;
			productName = SwiftUICharts;
		};
		2E8596FE288ABB7D00412E85 /* SwiftUIFontIcon */ = {
			isa = XCSwiftPackageProductDependency;
			productName = SwiftUIFontIcon;
		};
/* End XCSwiftPackageProductDependency section */
	};
	rootObject = 2ED2644B288A4074001F7417 /* Project object */;
}
